// !$*UTF8*$!
{
	archiveVersion = 1;
	classes = {
	};
	objectVersion = 55;
	objects = {

/* Begin PBXBuildFile section */
		E76214BF2769E100006855BD /* Collections in Frameworks */ = {isa = PBXBuildFile; productRef = E76214BE2769E100006855BD /* Collections */; };
		E76214C12769E100006855BD /* DequeModule in Frameworks */ = {isa = PBXBuildFile; productRef = E76214C02769E100006855BD /* DequeModule */; };
		E76214C32769E100006855BD /* OrderedCollections in Frameworks */ = {isa = PBXBuildFile; productRef = E76214C22769E100006855BD /* OrderedCollections */; };
		E76214C62769F7A9006855BD /* SwiftPriorityQueue in Frameworks */ = {isa = PBXBuildFile; productRef = E76214C52769F7A9006855BD /* SwiftPriorityQueue */; };
		E76214C8276B1E05006855BD /* Day16.swift in Sources */ = {isa = PBXBuildFile; fileRef = E76214C7276B1E05006855BD /* Day16.swift */; };
		E7A0A5AD2758F41E007ECD19 /* Day1.swift in Sources */ = {isa = PBXBuildFile; fileRef = E7A0A5AC2758F41E007ECD19 /* Day1.swift */; };
		E7A0A5AF275A074B007ECD19 /* Day2.swift in Sources */ = {isa = PBXBuildFile; fileRef = E7A0A5AE275A074B007ECD19 /* Day2.swift */; };
		E7A0A5B1275A0B27007ECD19 /* Main.swift in Sources */ = {isa = PBXBuildFile; fileRef = E7A0A5B0275A0B27007ECD19 /* Main.swift */; };
		E7A0A5B3275A1EB0007ECD19 /* Day3.swift in Sources */ = {isa = PBXBuildFile; fileRef = E7A0A5B2275A1EB0007ECD19 /* Day3.swift */; };
		E7A0A5B5275A212F007ECD19 /* Utils.swift in Sources */ = {isa = PBXBuildFile; fileRef = E7A0A5B4275A212F007ECD19 /* Utils.swift */; };
		E7A0A5D9275B9209007ECD19 /* Day4.swift in Sources */ = {isa = PBXBuildFile; fileRef = E7A0A5D8275B9209007ECD19 /* Day4.swift */; };
		E7A0A5DB275CAD46007ECD19 /* Day5.swift in Sources */ = {isa = PBXBuildFile; fileRef = E7A0A5DA275CAD46007ECD19 /* Day5.swift */; };
		E7A0A5DE275DF527007ECD19 /* Day6.swift in Sources */ = {isa = PBXBuildFile; fileRef = E7A0A5DD275DF527007ECD19 /* Day6.swift */; };
		E7A0A5E0275F38A9007ECD19 /* Day7.swift in Sources */ = {isa = PBXBuildFile; fileRef = E7A0A5DF275F38A9007ECD19 /* Day7.swift */; };
		E7A0A5E3275F3FE7007ECD19 /* Algorithms in Frameworks */ = {isa = PBXBuildFile; productRef = E7A0A5E2275F3FE7007ECD19 /* Algorithms */; };
		E7A0A5EB275F4777007ECD19 /* advent_uiApp.swift in Sources */ = {isa = PBXBuildFile; fileRef = E7A0A5EA275F4777007ECD19 /* advent_uiApp.swift */; };
		E7A0A5ED275F4777007ECD19 /* Day7.swift in Sources */ = {isa = PBXBuildFile; fileRef = E7A0A5EC275F4777007ECD19 /* Day7.swift */; };
		E7A0A5EF275F477B007ECD19 /* Assets.xcassets in Resources */ = {isa = PBXBuildFile; fileRef = E7A0A5EE275F477B007ECD19 /* Assets.xcassets */; };
		E7A0A5F2275F477B007ECD19 /* Preview Assets.xcassets in Resources */ = {isa = PBXBuildFile; fileRef = E7A0A5F1275F477B007ECD19 /* Preview Assets.xcassets */; };
		E7A0A5FD275F477B007ECD19 /* advent_uiTests.swift in Sources */ = {isa = PBXBuildFile; fileRef = E7A0A5FC275F477B007ECD19 /* advent_uiTests.swift */; };
		E7A0A607275F477B007ECD19 /* advent_uiUITests.swift in Sources */ = {isa = PBXBuildFile; fileRef = E7A0A606275F477B007ECD19 /* advent_uiUITests.swift */; };
		E7A0A609275F477B007ECD19 /* advent_uiUITestsLaunchTests.swift in Sources */ = {isa = PBXBuildFile; fileRef = E7A0A608275F477B007ECD19 /* advent_uiUITestsLaunchTests.swift */; };
		E7A0A614275F4B0A007ECD19 /* Algorithms in Frameworks */ = {isa = PBXBuildFile; productRef = E7A0A613275F4B0A007ECD19 /* Algorithms */; };
		E7A0A615275FCCE6007ECD19 /* Utils.swift in Sources */ = {isa = PBXBuildFile; fileRef = E7A0A5B4275A212F007ECD19 /* Utils.swift */; };
		E7A0A61727610CFA007ECD19 /* Day8.swift in Sources */ = {isa = PBXBuildFile; fileRef = E7A0A61627610CFA007ECD19 /* Day8.swift */; };
		E7A0A6192761D823007ECD19 /* Day9.swift in Sources */ = {isa = PBXBuildFile; fileRef = E7A0A6182761D823007ECD19 /* Day9.swift */; };
		E7A0A61B27627A1A007ECD19 /* day9-input.txt in Resources */ = {isa = PBXBuildFile; fileRef = E7A0A61A27627A19007ECD19 /* day9-input.txt */; };
		E7A0A61E27627B25007ECD19 /* Day9.swift in Sources */ = {isa = PBXBuildFile; fileRef = E7A0A61D27627B25007ECD19 /* Day9.swift */; };
		E7A0A62027633763007ECD19 /* Day10.swift in Sources */ = {isa = PBXBuildFile; fileRef = E7A0A61F27633763007ECD19 /* Day10.swift */; };
		E7A0A6222764AB58007ECD19 /* Day11.swift in Sources */ = {isa = PBXBuildFile; fileRef = E7A0A6212764AB57007ECD19 /* Day11.swift */; };
		E7A0A62F2764B6A9007ECD19 /* advent_ui_iosApp.swift in Sources */ = {isa = PBXBuildFile; fileRef = E7A0A62E2764B6A9007ECD19 /* advent_ui_iosApp.swift */; };
		E7A0A6312764B6A9007ECD19 /* Day11UIv2.swift in Sources */ = {isa = PBXBuildFile; fileRef = E7A0A6302764B6A9007ECD19 /* Day11UIv2.swift */; };
		E7A0A6332764B6AC007ECD19 /* Assets.xcassets in Resources */ = {isa = PBXBuildFile; fileRef = E7A0A6322764B6AC007ECD19 /* Assets.xcassets */; };
		E7A0A6362764B6AC007ECD19 /* Preview Assets.xcassets in Resources */ = {isa = PBXBuildFile; fileRef = E7A0A6352764B6AC007ECD19 /* Preview Assets.xcassets */; };
		E7A0A6402764B6AC007ECD19 /* advent_ui_iosTests.swift in Sources */ = {isa = PBXBuildFile; fileRef = E7A0A63F2764B6AC007ECD19 /* advent_ui_iosTests.swift */; };
		E7A0A64A2764B6AC007ECD19 /* advent_ui_iosUITests.swift in Sources */ = {isa = PBXBuildFile; fileRef = E7A0A6492764B6AC007ECD19 /* advent_ui_iosUITests.swift */; };
		E7A0A64C2764B6AC007ECD19 /* advent_ui_iosUITestsLaunchTests.swift in Sources */ = {isa = PBXBuildFile; fileRef = E7A0A64B2764B6AC007ECD19 /* advent_ui_iosUITestsLaunchTests.swift */; };
		E7A0A6572764B6C2007ECD19 /* Day11.swift in Sources */ = {isa = PBXBuildFile; fileRef = E7A0A6212764AB57007ECD19 /* Day11.swift */; };
		E7A0A65B2764B750007ECD19 /* Algorithms in Frameworks */ = {isa = PBXBuildFile; productRef = E7A0A65A2764B750007ECD19 /* Algorithms */; };
		E7A0A65C2764B769007ECD19 /* Utils.swift in Sources */ = {isa = PBXBuildFile; fileRef = E7A0A5B4275A212F007ECD19 /* Utils.swift */; };
		E7EECD382765E8E20004949D /* Day12.swift in Sources */ = {isa = PBXBuildFile; fileRef = E7EECD372765E8E20004949D /* Day12.swift */; };
		E7EECD3A276733010004949D /* Day13.swift in Sources */ = {isa = PBXBuildFile; fileRef = E7EECD39276733000004949D /* Day13.swift */; };
		E7EECD3C27688A370004949D /* Day14.swift in Sources */ = {isa = PBXBuildFile; fileRef = E7EECD3B27688A370004949D /* Day14.swift */; };
		E7EECD3E2769C9850004949D /* Day15.swift in Sources */ = {isa = PBXBuildFile; fileRef = E7EECD3D2769C9840004949D /* Day15.swift */; };
/* End PBXBuildFile section */

/* Begin PBXContainerItemProxy section */
		E7A0A5F9275F477B007ECD19 /* PBXContainerItemProxy */ = {
			isa = PBXContainerItemProxy;
			containerPortal = E7A0A59A2758E9F5007ECD19 /* Project object */;
			proxyType = 1;
			remoteGlobalIDString = E7A0A5E7275F4777007ECD19;
			remoteInfo = "advent-ui";
		};
		E7A0A603275F477B007ECD19 /* PBXContainerItemProxy */ = {
			isa = PBXContainerItemProxy;
			containerPortal = E7A0A59A2758E9F5007ECD19 /* Project object */;
			proxyType = 1;
			remoteGlobalIDString = E7A0A5E7275F4777007ECD19;
			remoteInfo = "advent-ui";
		};
		E7A0A63C2764B6AC007ECD19 /* PBXContainerItemProxy */ = {
			isa = PBXContainerItemProxy;
			containerPortal = E7A0A59A2758E9F5007ECD19 /* Project object */;
			proxyType = 1;
			remoteGlobalIDString = E7A0A62B2764B6A9007ECD19;
			remoteInfo = "advent-ui-ios";
		};
		E7A0A6462764B6AC007ECD19 /* PBXContainerItemProxy */ = {
			isa = PBXContainerItemProxy;
			containerPortal = E7A0A59A2758E9F5007ECD19 /* Project object */;
			proxyType = 1;
			remoteGlobalIDString = E7A0A62B2764B6A9007ECD19;
			remoteInfo = "advent-ui-ios";
		};
/* End PBXContainerItemProxy section */

/* Begin PBXCopyFilesBuildPhase section */
		E7A0A5A02758E9F5007ECD19 /* CopyFiles */ = {
			isa = PBXCopyFilesBuildPhase;
			buildActionMask = 2147483647;
			dstPath = /usr/share/man/man1/;
			dstSubfolderSpec = 0;
			files = (
			);
			runOnlyForDeploymentPostprocessing = 1;
		};
/* End PBXCopyFilesBuildPhase section */

/* Begin PBXFileReference section */
		E76214C7276B1E05006855BD /* Day16.swift */ = {isa = PBXFileReference; lastKnownFileType = sourcecode.swift; path = Day16.swift; sourceTree = "<group>"; };
		E7A0A5A22758E9F5007ECD19 /* advent */ = {isa = PBXFileReference; explicitFileType = "compiled.mach-o.executable"; includeInIndex = 0; path = advent; sourceTree = BUILT_PRODUCTS_DIR; };
		E7A0A5AC2758F41E007ECD19 /* Day1.swift */ = {isa = PBXFileReference; lastKnownFileType = sourcecode.swift; path = Day1.swift; sourceTree = "<group>"; };
		E7A0A5AE275A074B007ECD19 /* Day2.swift */ = {isa = PBXFileReference; lastKnownFileType = sourcecode.swift; path = Day2.swift; sourceTree = "<group>"; };
		E7A0A5B0275A0B27007ECD19 /* Main.swift */ = {isa = PBXFileReference; lastKnownFileType = sourcecode.swift; path = Main.swift; sourceTree = "<group>"; };
		E7A0A5B2275A1EB0007ECD19 /* Day3.swift */ = {isa = PBXFileReference; lastKnownFileType = sourcecode.swift; path = Day3.swift; sourceTree = "<group>"; };
		E7A0A5B4275A212F007ECD19 /* Utils.swift */ = {isa = PBXFileReference; lastKnownFileType = sourcecode.swift; path = Utils.swift; sourceTree = "<group>"; };
		E7A0A5B9275A2E59007ECD19 /* XCTest.framework */ = {isa = PBXFileReference; lastKnownFileType = wrapper.framework; name = XCTest.framework; path = Platforms/MacOSX.platform/Developer/Library/Frameworks/XCTest.framework; sourceTree = DEVELOPER_DIR; };
		E7A0A5D1275A7673007ECD19 /* advent_tests.swift */ = {isa = PBXFileReference; lastKnownFileType = sourcecode.swift; path = advent_tests.swift; sourceTree = "<group>"; };
		E7A0A5D8275B9209007ECD19 /* Day4.swift */ = {isa = PBXFileReference; lastKnownFileType = sourcecode.swift; path = Day4.swift; sourceTree = "<group>"; };
		E7A0A5DA275CAD46007ECD19 /* Day5.swift */ = {isa = PBXFileReference; lastKnownFileType = sourcecode.swift; path = Day5.swift; sourceTree = "<group>"; };
		E7A0A5DC275CC301007ECD19 /* README.md */ = {isa = PBXFileReference; lastKnownFileType = net.daringfireball.markdown; path = README.md; sourceTree = "<group>"; };
		E7A0A5DD275DF527007ECD19 /* Day6.swift */ = {isa = PBXFileReference; lastKnownFileType = sourcecode.swift; path = Day6.swift; sourceTree = "<group>"; };
		E7A0A5DF275F38A9007ECD19 /* Day7.swift */ = {isa = PBXFileReference; lastKnownFileType = sourcecode.swift; path = Day7.swift; sourceTree = "<group>"; };
		E7A0A5E8275F4777007ECD19 /* advent-ui.app */ = {isa = PBXFileReference; explicitFileType = wrapper.application; includeInIndex = 0; path = "advent-ui.app"; sourceTree = BUILT_PRODUCTS_DIR; };
		E7A0A5EA275F4777007ECD19 /* advent_uiApp.swift */ = {isa = PBXFileReference; lastKnownFileType = sourcecode.swift; path = advent_uiApp.swift; sourceTree = "<group>"; };
		E7A0A5EC275F4777007ECD19 /* Day7.swift */ = {isa = PBXFileReference; lastKnownFileType = sourcecode.swift; path = Day7.swift; sourceTree = "<group>"; };
		E7A0A5EE275F477B007ECD19 /* Assets.xcassets */ = {isa = PBXFileReference; lastKnownFileType = folder.assetcatalog; path = Assets.xcassets; sourceTree = "<group>"; };
		E7A0A5F1275F477B007ECD19 /* Preview Assets.xcassets */ = {isa = PBXFileReference; lastKnownFileType = folder.assetcatalog; path = "Preview Assets.xcassets"; sourceTree = "<group>"; };
		E7A0A5F3275F477B007ECD19 /* advent_ui.entitlements */ = {isa = PBXFileReference; lastKnownFileType = text.plist.entitlements; path = advent_ui.entitlements; sourceTree = "<group>"; };
		E7A0A5F8275F477B007ECD19 /* advent-uiTests.xctest */ = {isa = PBXFileReference; explicitFileType = wrapper.cfbundle; includeInIndex = 0; path = "advent-uiTests.xctest"; sourceTree = BUILT_PRODUCTS_DIR; };
		E7A0A5FC275F477B007ECD19 /* advent_uiTests.swift */ = {isa = PBXFileReference; lastKnownFileType = sourcecode.swift; path = advent_uiTests.swift; sourceTree = "<group>"; };
		E7A0A602275F477B007ECD19 /* advent-uiUITests.xctest */ = {isa = PBXFileReference; explicitFileType = wrapper.cfbundle; includeInIndex = 0; path = "advent-uiUITests.xctest"; sourceTree = BUILT_PRODUCTS_DIR; };
		E7A0A606275F477B007ECD19 /* advent_uiUITests.swift */ = {isa = PBXFileReference; lastKnownFileType = sourcecode.swift; path = advent_uiUITests.swift; sourceTree = "<group>"; };
		E7A0A608275F477B007ECD19 /* advent_uiUITestsLaunchTests.swift */ = {isa = PBXFileReference; lastKnownFileType = sourcecode.swift; path = advent_uiUITestsLaunchTests.swift; sourceTree = "<group>"; };
		E7A0A61627610CFA007ECD19 /* Day8.swift */ = {isa = PBXFileReference; lastKnownFileType = sourcecode.swift; path = Day8.swift; sourceTree = "<group>"; };
		E7A0A6182761D823007ECD19 /* Day9.swift */ = {isa = PBXFileReference; lastKnownFileType = sourcecode.swift; path = Day9.swift; sourceTree = "<group>"; };
		E7A0A61A27627A19007ECD19 /* day9-input.txt */ = {isa = PBXFileReference; fileEncoding = 4; lastKnownFileType = text; path = "day9-input.txt"; sourceTree = "<group>"; };
		E7A0A61D27627B25007ECD19 /* Day9.swift */ = {isa = PBXFileReference; lastKnownFileType = sourcecode.swift; path = Day9.swift; sourceTree = "<group>"; };
		E7A0A61F27633763007ECD19 /* Day10.swift */ = {isa = PBXFileReference; lastKnownFileType = sourcecode.swift; path = Day10.swift; sourceTree = "<group>"; };
		E7A0A6212764AB57007ECD19 /* Day11.swift */ = {isa = PBXFileReference; lastKnownFileType = sourcecode.swift; path = Day11.swift; sourceTree = "<group>"; };
		E7A0A62C2764B6A9007ECD19 /* advent-ui-ios.app */ = {isa = PBXFileReference; explicitFileType = wrapper.application; includeInIndex = 0; path = "advent-ui-ios.app"; sourceTree = BUILT_PRODUCTS_DIR; };
		E7A0A62E2764B6A9007ECD19 /* advent_ui_iosApp.swift */ = {isa = PBXFileReference; lastKnownFileType = sourcecode.swift; path = advent_ui_iosApp.swift; sourceTree = "<group>"; };
		E7A0A6302764B6A9007ECD19 /* Day11UIv2.swift */ = {isa = PBXFileReference; lastKnownFileType = sourcecode.swift; path = Day11UIv2.swift; sourceTree = "<group>"; };
		E7A0A6322764B6AC007ECD19 /* Assets.xcassets */ = {isa = PBXFileReference; lastKnownFileType = folder.assetcatalog; path = Assets.xcassets; sourceTree = "<group>"; };
		E7A0A6352764B6AC007ECD19 /* Preview Assets.xcassets */ = {isa = PBXFileReference; lastKnownFileType = folder.assetcatalog; path = "Preview Assets.xcassets"; sourceTree = "<group>"; };
		E7A0A63B2764B6AC007ECD19 /* advent-ui-iosTests.xctest */ = {isa = PBXFileReference; explicitFileType = wrapper.cfbundle; includeInIndex = 0; path = "advent-ui-iosTests.xctest"; sourceTree = BUILT_PRODUCTS_DIR; };
		E7A0A63F2764B6AC007ECD19 /* advent_ui_iosTests.swift */ = {isa = PBXFileReference; lastKnownFileType = sourcecode.swift; path = advent_ui_iosTests.swift; sourceTree = "<group>"; };
		E7A0A6452764B6AC007ECD19 /* advent-ui-iosUITests.xctest */ = {isa = PBXFileReference; explicitFileType = wrapper.cfbundle; includeInIndex = 0; path = "advent-ui-iosUITests.xctest"; sourceTree = BUILT_PRODUCTS_DIR; };
		E7A0A6492764B6AC007ECD19 /* advent_ui_iosUITests.swift */ = {isa = PBXFileReference; lastKnownFileType = sourcecode.swift; path = advent_ui_iosUITests.swift; sourceTree = "<group>"; };
		E7A0A64B2764B6AC007ECD19 /* advent_ui_iosUITestsLaunchTests.swift */ = {isa = PBXFileReference; lastKnownFileType = sourcecode.swift; path = advent_ui_iosUITestsLaunchTests.swift; sourceTree = "<group>"; };
		E7EECD372765E8E20004949D /* Day12.swift */ = {isa = PBXFileReference; lastKnownFileType = sourcecode.swift; path = Day12.swift; sourceTree = "<group>"; };
		E7EECD39276733000004949D /* Day13.swift */ = {isa = PBXFileReference; lastKnownFileType = sourcecode.swift; path = Day13.swift; sourceTree = "<group>"; };
		E7EECD3B27688A370004949D /* Day14.swift */ = {isa = PBXFileReference; lastKnownFileType = sourcecode.swift; path = Day14.swift; sourceTree = "<group>"; };
		E7EECD3D2769C9840004949D /* Day15.swift */ = {isa = PBXFileReference; lastKnownFileType = sourcecode.swift; path = Day15.swift; sourceTree = "<group>"; };
/* End PBXFileReference section */

/* Begin PBXFrameworksBuildPhase section */
		E7A0A59F2758E9F5007ECD19 /* Frameworks */ = {
			isa = PBXFrameworksBuildPhase;
			buildActionMask = 2147483647;
			files = (
				E76214BF2769E100006855BD /* Collections in Frameworks */,
				E7A0A5E3275F3FE7007ECD19 /* Algorithms in Frameworks */,
				E76214C62769F7A9006855BD /* SwiftPriorityQueue in Frameworks */,
				E76214C32769E100006855BD /* OrderedCollections in Frameworks */,
				E76214C12769E100006855BD /* DequeModule in Frameworks */,
			);
			runOnlyForDeploymentPostprocessing = 0;
		};
		E7A0A5E5275F4777007ECD19 /* Frameworks */ = {
			isa = PBXFrameworksBuildPhase;
			buildActionMask = 2147483647;
			files = (
				E7A0A614275F4B0A007ECD19 /* Algorithms in Frameworks */,
			);
			runOnlyForDeploymentPostprocessing = 0;
		};
		E7A0A5F5275F477B007ECD19 /* Frameworks */ = {
			isa = PBXFrameworksBuildPhase;
			buildActionMask = 2147483647;
			files = (
			);
			runOnlyForDeploymentPostprocessing = 0;
		};
		E7A0A5FF275F477B007ECD19 /* Frameworks */ = {
			isa = PBXFrameworksBuildPhase;
			buildActionMask = 2147483647;
			files = (
			);
			runOnlyForDeploymentPostprocessing = 0;
		};
		E7A0A6292764B6A9007ECD19 /* Frameworks */ = {
			isa = PBXFrameworksBuildPhase;
			buildActionMask = 2147483647;
			files = (
				E7A0A65B2764B750007ECD19 /* Algorithms in Frameworks */,
			);
			runOnlyForDeploymentPostprocessing = 0;
		};
		E7A0A6382764B6AC007ECD19 /* Frameworks */ = {
			isa = PBXFrameworksBuildPhase;
			buildActionMask = 2147483647;
			files = (
			);
			runOnlyForDeploymentPostprocessing = 0;
		};
		E7A0A6422764B6AC007ECD19 /* Frameworks */ = {
			isa = PBXFrameworksBuildPhase;
			buildActionMask = 2147483647;
			files = (
			);
			runOnlyForDeploymentPostprocessing = 0;
		};
/* End PBXFrameworksBuildPhase section */

/* Begin PBXGroup section */
		E7A0A5992758E9F5007ECD19 = {
			isa = PBXGroup;
			children = (
				E7A0A5DC275CC301007ECD19 /* README.md */,
				E7A0A5A42758E9F5007ECD19 /* advent */,
				E7A0A5D0275A7673007ECD19 /* advent-tests */,
				E7A0A5E9275F4777007ECD19 /* advent-ui */,
				E7A0A5FB275F477B007ECD19 /* advent-uiTests */,
				E7A0A605275F477B007ECD19 /* advent-uiUITests */,
				E7A0A62D2764B6A9007ECD19 /* advent-ui-ios */,
				E7A0A63E2764B6AC007ECD19 /* advent-ui-iosTests */,
				E7A0A6482764B6AC007ECD19 /* advent-ui-iosUITests */,
				E7A0A5A32758E9F5007ECD19 /* Products */,
				E7A0A5B8275A2E59007ECD19 /* Frameworks */,
			);
			sourceTree = "<group>";
		};
		E7A0A5A32758E9F5007ECD19 /* Products */ = {
			isa = PBXGroup;
			children = (
				E7A0A5A22758E9F5007ECD19 /* advent */,
				E7A0A5E8275F4777007ECD19 /* advent-ui.app */,
				E7A0A5F8275F477B007ECD19 /* advent-uiTests.xctest */,
				E7A0A602275F477B007ECD19 /* advent-uiUITests.xctest */,
				E7A0A62C2764B6A9007ECD19 /* advent-ui-ios.app */,
				E7A0A63B2764B6AC007ECD19 /* advent-ui-iosTests.xctest */,
				E7A0A6452764B6AC007ECD19 /* advent-ui-iosUITests.xctest */,
			);
			name = Products;
			sourceTree = "<group>";
		};
		E7A0A5A42758E9F5007ECD19 /* advent */ = {
			isa = PBXGroup;
			children = (
				E7A0A5AC2758F41E007ECD19 /* Day1.swift */,
				E7A0A5AE275A074B007ECD19 /* Day2.swift */,
				E7A0A5B0275A0B27007ECD19 /* Main.swift */,
				E7A0A5B2275A1EB0007ECD19 /* Day3.swift */,
				E7A0A5B4275A212F007ECD19 /* Utils.swift */,
				E7A0A5D8275B9209007ECD19 /* Day4.swift */,
				E7A0A5DA275CAD46007ECD19 /* Day5.swift */,
				E7A0A5DD275DF527007ECD19 /* Day6.swift */,
				E7A0A5DF275F38A9007ECD19 /* Day7.swift */,
				E7A0A61627610CFA007ECD19 /* Day8.swift */,
				E7A0A6182761D823007ECD19 /* Day9.swift */,
				E7A0A61F27633763007ECD19 /* Day10.swift */,
				E7A0A6212764AB57007ECD19 /* Day11.swift */,
				E7EECD372765E8E20004949D /* Day12.swift */,
				E7EECD39276733000004949D /* Day13.swift */,
				E7EECD3B27688A370004949D /* Day14.swift */,
				E7EECD3D2769C9840004949D /* Day15.swift */,
				E76214C7276B1E05006855BD /* Day16.swift */,
			);
			path = advent;
			sourceTree = "<group>";
		};
		E7A0A5B8275A2E59007ECD19 /* Frameworks */ = {
			isa = PBXGroup;
			children = (
				E7A0A5B9275A2E59007ECD19 /* XCTest.framework */,
			);
			name = Frameworks;
			sourceTree = "<group>";
		};
		E7A0A5D0275A7673007ECD19 /* advent-tests */ = {
			isa = PBXGroup;
			children = (
				E7A0A5D1275A7673007ECD19 /* advent_tests.swift */,
			);
			path = "advent-tests";
			sourceTree = "<group>";
		};
		E7A0A5E9275F4777007ECD19 /* advent-ui */ = {
			isa = PBXGroup;
			children = (
				E7A0A61C27627AA0007ECD19 /* Resources */,
				E7A0A5EA275F4777007ECD19 /* advent_uiApp.swift */,
				E7A0A5EC275F4777007ECD19 /* Day7.swift */,
				E7A0A5EE275F477B007ECD19 /* Assets.xcassets */,
				E7A0A5F3275F477B007ECD19 /* advent_ui.entitlements */,
				E7A0A5F0275F477B007ECD19 /* Preview Content */,
				E7A0A61D27627B25007ECD19 /* Day9.swift */,
			);
			path = "advent-ui";
			sourceTree = "<group>";
		};
		E7A0A5F0275F477B007ECD19 /* Preview Content */ = {
			isa = PBXGroup;
			children = (
				E7A0A5F1275F477B007ECD19 /* Preview Assets.xcassets */,
			);
			path = "Preview Content";
			sourceTree = "<group>";
		};
		E7A0A5FB275F477B007ECD19 /* advent-uiTests */ = {
			isa = PBXGroup;
			children = (
				E7A0A5FC275F477B007ECD19 /* advent_uiTests.swift */,
			);
			path = "advent-uiTests";
			sourceTree = "<group>";
		};
		E7A0A605275F477B007ECD19 /* advent-uiUITests */ = {
			isa = PBXGroup;
			children = (
				E7A0A606275F477B007ECD19 /* advent_uiUITests.swift */,
				E7A0A608275F477B007ECD19 /* advent_uiUITestsLaunchTests.swift */,
			);
			path = "advent-uiUITests";
			sourceTree = "<group>";
		};
		E7A0A61C27627AA0007ECD19 /* Resources */ = {
			isa = PBXGroup;
			children = (
				E7A0A61A27627A19007ECD19 /* day9-input.txt */,
			);
			path = Resources;
			sourceTree = "<group>";
		};
		E7A0A62D2764B6A9007ECD19 /* advent-ui-ios */ = {
			isa = PBXGroup;
			children = (
				E7A0A62E2764B6A9007ECD19 /* advent_ui_iosApp.swift */,
				E7A0A6302764B6A9007ECD19 /* Day11UIv2.swift */,
				E7A0A6322764B6AC007ECD19 /* Assets.xcassets */,
				E7A0A6342764B6AC007ECD19 /* Preview Content */,
			);
			path = "advent-ui-ios";
			sourceTree = "<group>";
		};
		E7A0A6342764B6AC007ECD19 /* Preview Content */ = {
			isa = PBXGroup;
			children = (
				E7A0A6352764B6AC007ECD19 /* Preview Assets.xcassets */,
			);
			path = "Preview Content";
			sourceTree = "<group>";
		};
		E7A0A63E2764B6AC007ECD19 /* advent-ui-iosTests */ = {
			isa = PBXGroup;
			children = (
				E7A0A63F2764B6AC007ECD19 /* advent_ui_iosTests.swift */,
			);
			path = "advent-ui-iosTests";
			sourceTree = "<group>";
		};
		E7A0A6482764B6AC007ECD19 /* advent-ui-iosUITests */ = {
			isa = PBXGroup;
			children = (
				E7A0A6492764B6AC007ECD19 /* advent_ui_iosUITests.swift */,
				E7A0A64B2764B6AC007ECD19 /* advent_ui_iosUITestsLaunchTests.swift */,
			);
			path = "advent-ui-iosUITests";
			sourceTree = "<group>";
		};
/* End PBXGroup section */

/* Begin PBXNativeTarget section */
		E7A0A5A12758E9F5007ECD19 /* advent */ = {
			isa = PBXNativeTarget;
			buildConfigurationList = E7A0A5A92758E9F5007ECD19 /* Build configuration list for PBXNativeTarget "advent" */;
			buildPhases = (
				E7A0A59E2758E9F5007ECD19 /* Sources */,
				E7A0A59F2758E9F5007ECD19 /* Frameworks */,
				E7A0A5A02758E9F5007ECD19 /* CopyFiles */,
			);
			buildRules = (
			);
			dependencies = (
			);
			name = advent;
			packageProductDependencies = (
				E7A0A5E2275F3FE7007ECD19 /* Algorithms */,
				E76214BE2769E100006855BD /* Collections */,
				E76214C02769E100006855BD /* DequeModule */,
				E76214C22769E100006855BD /* OrderedCollections */,
				E76214C52769F7A9006855BD /* SwiftPriorityQueue */,
			);
			productName = advent;
			productReference = E7A0A5A22758E9F5007ECD19 /* advent */;
			productType = "com.apple.product-type.tool";
		};
		E7A0A5E7275F4777007ECD19 /* advent-ui */ = {
			isa = PBXNativeTarget;
			buildConfigurationList = E7A0A60A275F477B007ECD19 /* Build configuration list for PBXNativeTarget "advent-ui" */;
			buildPhases = (
				E7A0A5E4275F4777007ECD19 /* Sources */,
				E7A0A5E5275F4777007ECD19 /* Frameworks */,
				E7A0A5E6275F4777007ECD19 /* Resources */,
			);
			buildRules = (
			);
			dependencies = (
			);
			name = "advent-ui";
			packageProductDependencies = (
				E7A0A613275F4B0A007ECD19 /* Algorithms */,
			);
			productName = "advent-ui";
			productReference = E7A0A5E8275F4777007ECD19 /* advent-ui.app */;
			productType = "com.apple.product-type.application";
		};
		E7A0A5F7275F477B007ECD19 /* advent-uiTests */ = {
			isa = PBXNativeTarget;
			buildConfigurationList = E7A0A60D275F477B007ECD19 /* Build configuration list for PBXNativeTarget "advent-uiTests" */;
			buildPhases = (
				E7A0A5F4275F477B007ECD19 /* Sources */,
				E7A0A5F5275F477B007ECD19 /* Frameworks */,
				E7A0A5F6275F477B007ECD19 /* Resources */,
			);
			buildRules = (
			);
			dependencies = (
				E7A0A5FA275F477B007ECD19 /* PBXTargetDependency */,
			);
			name = "advent-uiTests";
			productName = "advent-uiTests";
			productReference = E7A0A5F8275F477B007ECD19 /* advent-uiTests.xctest */;
			productType = "com.apple.product-type.bundle.unit-test";
		};
		E7A0A601275F477B007ECD19 /* advent-uiUITests */ = {
			isa = PBXNativeTarget;
			buildConfigurationList = E7A0A610275F477B007ECD19 /* Build configuration list for PBXNativeTarget "advent-uiUITests" */;
			buildPhases = (
				E7A0A5FE275F477B007ECD19 /* Sources */,
				E7A0A5FF275F477B007ECD19 /* Frameworks */,
				E7A0A600275F477B007ECD19 /* Resources */,
			);
			buildRules = (
			);
			dependencies = (
				E7A0A604275F477B007ECD19 /* PBXTargetDependency */,
			);
			name = "advent-uiUITests";
			productName = "advent-uiUITests";
			productReference = E7A0A602275F477B007ECD19 /* advent-uiUITests.xctest */;
			productType = "com.apple.product-type.bundle.ui-testing";
		};
		E7A0A62B2764B6A9007ECD19 /* advent-ui-ios */ = {
			isa = PBXNativeTarget;
			buildConfigurationList = E7A0A64D2764B6AC007ECD19 /* Build configuration list for PBXNativeTarget "advent-ui-ios" */;
			buildPhases = (
				E7A0A6282764B6A9007ECD19 /* Sources */,
				E7A0A6292764B6A9007ECD19 /* Frameworks */,
				E7A0A62A2764B6A9007ECD19 /* Resources */,
			);
			buildRules = (
			);
			dependencies = (
			);
			name = "advent-ui-ios";
			packageProductDependencies = (
				E7A0A65A2764B750007ECD19 /* Algorithms */,
			);
			productName = "advent-ui-ios";
			productReference = E7A0A62C2764B6A9007ECD19 /* advent-ui-ios.app */;
			productType = "com.apple.product-type.application";
		};
		E7A0A63A2764B6AC007ECD19 /* advent-ui-iosTests */ = {
			isa = PBXNativeTarget;
			buildConfigurationList = E7A0A6502764B6AC007ECD19 /* Build configuration list for PBXNativeTarget "advent-ui-iosTests" */;
			buildPhases = (
				E7A0A6372764B6AC007ECD19 /* Sources */,
				E7A0A6382764B6AC007ECD19 /* Frameworks */,
				E7A0A6392764B6AC007ECD19 /* Resources */,
			);
			buildRules = (
			);
			dependencies = (
				E7A0A63D2764B6AC007ECD19 /* PBXTargetDependency */,
			);
			name = "advent-ui-iosTests";
			productName = "advent-ui-iosTests";
			productReference = E7A0A63B2764B6AC007ECD19 /* advent-ui-iosTests.xctest */;
			productType = "com.apple.product-type.bundle.unit-test";
		};
		E7A0A6442764B6AC007ECD19 /* advent-ui-iosUITests */ = {
			isa = PBXNativeTarget;
			buildConfigurationList = E7A0A6532764B6AC007ECD19 /* Build configuration list for PBXNativeTarget "advent-ui-iosUITests" */;
			buildPhases = (
				E7A0A6412764B6AC007ECD19 /* Sources */,
				E7A0A6422764B6AC007ECD19 /* Frameworks */,
				E7A0A6432764B6AC007ECD19 /* Resources */,
			);
			buildRules = (
			);
			dependencies = (
				E7A0A6472764B6AC007ECD19 /* PBXTargetDependency */,
			);
			name = "advent-ui-iosUITests";
			productName = "advent-ui-iosUITests";
			productReference = E7A0A6452764B6AC007ECD19 /* advent-ui-iosUITests.xctest */;
			productType = "com.apple.product-type.bundle.ui-testing";
		};
/* End PBXNativeTarget section */

/* Begin PBXProject section */
		E7A0A59A2758E9F5007ECD19 /* Project object */ = {
			isa = PBXProject;
			attributes = {
				BuildIndependentTargetsInParallel = 1;
				LastSwiftUpdateCheck = 1310;
				LastUpgradeCheck = 1310;
				TargetAttributes = {
					E7A0A5A12758E9F5007ECD19 = {
						CreatedOnToolsVersion = 13.1;
					};
					E7A0A5E7275F4777007ECD19 = {
						CreatedOnToolsVersion = 13.1;
					};
					E7A0A5F7275F477B007ECD19 = {
						CreatedOnToolsVersion = 13.1;
						TestTargetID = E7A0A5E7275F4777007ECD19;
					};
					E7A0A601275F477B007ECD19 = {
						CreatedOnToolsVersion = 13.1;
						TestTargetID = E7A0A5E7275F4777007ECD19;
					};
					E7A0A62B2764B6A9007ECD19 = {
						CreatedOnToolsVersion = 13.1;
					};
					E7A0A63A2764B6AC007ECD19 = {
						CreatedOnToolsVersion = 13.1;
						TestTargetID = E7A0A62B2764B6A9007ECD19;
					};
					E7A0A6442764B6AC007ECD19 = {
						CreatedOnToolsVersion = 13.1;
						TestTargetID = E7A0A62B2764B6A9007ECD19;
					};
				};
			};
			buildConfigurationList = E7A0A59D2758E9F5007ECD19 /* Build configuration list for PBXProject "advent" */;
			compatibilityVersion = "Xcode 13.0";
			developmentRegion = en;
			hasScannedForEncodings = 0;
			knownRegions = (
				en,
				Base,
			);
			mainGroup = E7A0A5992758E9F5007ECD19;
			packageReferences = (
				E7A0A5E1275F3FE7007ECD19 /* XCRemoteSwiftPackageReference "swift-algorithms" */,
				E76214BD2769E100006855BD /* XCRemoteSwiftPackageReference "swift-collections" */,
				E76214C42769F7A9006855BD /* XCRemoteSwiftPackageReference "SwiftPriorityQueue" */,
			);
			productRefGroup = E7A0A5A32758E9F5007ECD19 /* Products */;
			projectDirPath = "";
			projectRoot = "";
			targets = (
				E7A0A5A12758E9F5007ECD19 /* advent */,
				E7A0A5E7275F4777007ECD19 /* advent-ui */,
				E7A0A5F7275F477B007ECD19 /* advent-uiTests */,
				E7A0A601275F477B007ECD19 /* advent-uiUITests */,
				E7A0A62B2764B6A9007ECD19 /* advent-ui-ios */,
				E7A0A63A2764B6AC007ECD19 /* advent-ui-iosTests */,
				E7A0A6442764B6AC007ECD19 /* advent-ui-iosUITests */,
			);
		};
/* End PBXProject section */

/* Begin PBXResourcesBuildPhase section */
		E7A0A5E6275F4777007ECD19 /* Resources */ = {
			isa = PBXResourcesBuildPhase;
			buildActionMask = 2147483647;
			files = (
				E7A0A61B27627A1A007ECD19 /* day9-input.txt in Resources */,
				E7A0A5F2275F477B007ECD19 /* Preview Assets.xcassets in Resources */,
				E7A0A5EF275F477B007ECD19 /* Assets.xcassets in Resources */,
			);
			runOnlyForDeploymentPostprocessing = 0;
		};
		E7A0A5F6275F477B007ECD19 /* Resources */ = {
			isa = PBXResourcesBuildPhase;
			buildActionMask = 2147483647;
			files = (
			);
			runOnlyForDeploymentPostprocessing = 0;
		};
		E7A0A600275F477B007ECD19 /* Resources */ = {
			isa = PBXResourcesBuildPhase;
			buildActionMask = 2147483647;
			files = (
			);
			runOnlyForDeploymentPostprocessing = 0;
		};
		E7A0A62A2764B6A9007ECD19 /* Resources */ = {
			isa = PBXResourcesBuildPhase;
			buildActionMask = 2147483647;
			files = (
				E7A0A6362764B6AC007ECD19 /* Preview Assets.xcassets in Resources */,
				E7A0A6332764B6AC007ECD19 /* Assets.xcassets in Resources */,
			);
			runOnlyForDeploymentPostprocessing = 0;
		};
		E7A0A6392764B6AC007ECD19 /* Resources */ = {
			isa = PBXResourcesBuildPhase;
			buildActionMask = 2147483647;
			files = (
			);
			runOnlyForDeploymentPostprocessing = 0;
		};
		E7A0A6432764B6AC007ECD19 /* Resources */ = {
			isa = PBXResourcesBuildPhase;
			buildActionMask = 2147483647;
			files = (
			);
			runOnlyForDeploymentPostprocessing = 0;
		};
/* End PBXResourcesBuildPhase section */

/* Begin PBXSourcesBuildPhase section */
		E7A0A59E2758E9F5007ECD19 /* Sources */ = {
			isa = PBXSourcesBuildPhase;
			buildActionMask = 2147483647;
			files = (
				E7A0A5B5275A212F007ECD19 /* Utils.swift in Sources */,
				E7EECD3E2769C9850004949D /* Day15.swift in Sources */,
				E7A0A6222764AB58007ECD19 /* Day11.swift in Sources */,
				E7A0A61727610CFA007ECD19 /* Day8.swift in Sources */,
				E7A0A5DE275DF527007ECD19 /* Day6.swift in Sources */,
				E7A0A5DB275CAD46007ECD19 /* Day5.swift in Sources */,
				E7A0A5D9275B9209007ECD19 /* Day4.swift in Sources */,
				E7A0A62027633763007ECD19 /* Day10.swift in Sources */,
				E7A0A5B1275A0B27007ECD19 /* Main.swift in Sources */,
				E7EECD3A276733010004949D /* Day13.swift in Sources */,
				E7EECD3C27688A370004949D /* Day14.swift in Sources */,
				E76214C8276B1E05006855BD /* Day16.swift in Sources */,
				E7A0A6192761D823007ECD19 /* Day9.swift in Sources */,
				E7A0A5AD2758F41E007ECD19 /* Day1.swift in Sources */,
				E7A0A5B3275A1EB0007ECD19 /* Day3.swift in Sources */,
				E7EECD382765E8E20004949D /* Day12.swift in Sources */,
				E7A0A5E0275F38A9007ECD19 /* Day7.swift in Sources */,
				E7A0A5AF275A074B007ECD19 /* Day2.swift in Sources */,
			);
			runOnlyForDeploymentPostprocessing = 0;
		};
		E7A0A5E4275F4777007ECD19 /* Sources */ = {
			isa = PBXSourcesBuildPhase;
			buildActionMask = 2147483647;
			files = (
				E7A0A61E27627B25007ECD19 /* Day9.swift in Sources */,
				E7A0A5ED275F4777007ECD19 /* Day7.swift in Sources */,
				E7A0A5EB275F4777007ECD19 /* advent_uiApp.swift in Sources */,
				E7A0A615275FCCE6007ECD19 /* Utils.swift in Sources */,
			);
			runOnlyForDeploymentPostprocessing = 0;
		};
		E7A0A5F4275F477B007ECD19 /* Sources */ = {
			isa = PBXSourcesBuildPhase;
			buildActionMask = 2147483647;
			files = (
				E7A0A5FD275F477B007ECD19 /* advent_uiTests.swift in Sources */,
			);
			runOnlyForDeploymentPostprocessing = 0;
		};
		E7A0A5FE275F477B007ECD19 /* Sources */ = {
			isa = PBXSourcesBuildPhase;
			buildActionMask = 2147483647;
			files = (
				E7A0A609275F477B007ECD19 /* advent_uiUITestsLaunchTests.swift in Sources */,
				E7A0A607275F477B007ECD19 /* advent_uiUITests.swift in Sources */,
			);
			runOnlyForDeploymentPostprocessing = 0;
		};
		E7A0A6282764B6A9007ECD19 /* Sources */ = {
			isa = PBXSourcesBuildPhase;
			buildActionMask = 2147483647;
			files = (
				E7A0A65C2764B769007ECD19 /* Utils.swift in Sources */,
				E7A0A6312764B6A9007ECD19 /* Day11UIv2.swift in Sources */,
				E7A0A6572764B6C2007ECD19 /* Day11.swift in Sources */,
				E7A0A62F2764B6A9007ECD19 /* advent_ui_iosApp.swift in Sources */,
			);
			runOnlyForDeploymentPostprocessing = 0;
		};
		E7A0A6372764B6AC007ECD19 /* Sources */ = {
			isa = PBXSourcesBuildPhase;
			buildActionMask = 2147483647;
			files = (
				E7A0A6402764B6AC007ECD19 /* advent_ui_iosTests.swift in Sources */,
			);
			runOnlyForDeploymentPostprocessing = 0;
		};
		E7A0A6412764B6AC007ECD19 /* Sources */ = {
			isa = PBXSourcesBuildPhase;
			buildActionMask = 2147483647;
			files = (
				E7A0A64C2764B6AC007ECD19 /* advent_ui_iosUITestsLaunchTests.swift in Sources */,
				E7A0A64A2764B6AC007ECD19 /* advent_ui_iosUITests.swift in Sources */,
			);
			runOnlyForDeploymentPostprocessing = 0;
		};
/* End PBXSourcesBuildPhase section */

/* Begin PBXTargetDependency section */
		E7A0A5FA275F477B007ECD19 /* PBXTargetDependency */ = {
			isa = PBXTargetDependency;
			target = E7A0A5E7275F4777007ECD19 /* advent-ui */;
			targetProxy = E7A0A5F9275F477B007ECD19 /* PBXContainerItemProxy */;
		};
		E7A0A604275F477B007ECD19 /* PBXTargetDependency */ = {
			isa = PBXTargetDependency;
			target = E7A0A5E7275F4777007ECD19 /* advent-ui */;
			targetProxy = E7A0A603275F477B007ECD19 /* PBXContainerItemProxy */;
		};
		E7A0A63D2764B6AC007ECD19 /* PBXTargetDependency */ = {
			isa = PBXTargetDependency;
			target = E7A0A62B2764B6A9007ECD19 /* advent-ui-ios */;
			targetProxy = E7A0A63C2764B6AC007ECD19 /* PBXContainerItemProxy */;
		};
		E7A0A6472764B6AC007ECD19 /* PBXTargetDependency */ = {
			isa = PBXTargetDependency;
			target = E7A0A62B2764B6A9007ECD19 /* advent-ui-ios */;
			targetProxy = E7A0A6462764B6AC007ECD19 /* PBXContainerItemProxy */;
		};
/* End PBXTargetDependency section */

/* Begin XCBuildConfiguration section */
		E7A0A5A72758E9F5007ECD19 /* Debug */ = {
			isa = XCBuildConfiguration;
			buildSettings = {
				ALWAYS_SEARCH_USER_PATHS = NO;
				CLANG_ANALYZER_NONNULL = YES;
				CLANG_ANALYZER_NUMBER_OBJECT_CONVERSION = YES_AGGRESSIVE;
				CLANG_CXX_LANGUAGE_STANDARD = "gnu++17";
				CLANG_CXX_LIBRARY = "libc++";
				CLANG_ENABLE_MODULES = YES;
				CLANG_ENABLE_OBJC_ARC = YES;
				CLANG_ENABLE_OBJC_WEAK = YES;
				CLANG_WARN_BLOCK_CAPTURE_AUTORELEASING = YES;
				CLANG_WARN_BOOL_CONVERSION = YES;
				CLANG_WARN_COMMA = YES;
				CLANG_WARN_CONSTANT_CONVERSION = YES;
				CLANG_WARN_DEPRECATED_OBJC_IMPLEMENTATIONS = YES;
				CLANG_WARN_DIRECT_OBJC_ISA_USAGE = YES_ERROR;
				CLANG_WARN_DOCUMENTATION_COMMENTS = YES;
				CLANG_WARN_EMPTY_BODY = YES;
				CLANG_WARN_ENUM_CONVERSION = YES;
				CLANG_WARN_INFINITE_RECURSION = YES;
				CLANG_WARN_INT_CONVERSION = YES;
				CLANG_WARN_NON_LITERAL_NULL_CONVERSION = YES;
				CLANG_WARN_OBJC_IMPLICIT_RETAIN_SELF = YES;
				CLANG_WARN_OBJC_LITERAL_CONVERSION = YES;
				CLANG_WARN_OBJC_ROOT_CLASS = YES_ERROR;
				CLANG_WARN_QUOTED_INCLUDE_IN_FRAMEWORK_HEADER = YES;
				CLANG_WARN_RANGE_LOOP_ANALYSIS = YES;
				CLANG_WARN_STRICT_PROTOTYPES = YES;
				CLANG_WARN_SUSPICIOUS_MOVE = YES;
				CLANG_WARN_UNGUARDED_AVAILABILITY = YES_AGGRESSIVE;
				CLANG_WARN_UNREACHABLE_CODE = YES;
				CLANG_WARN__DUPLICATE_METHOD_MATCH = YES;
				COPY_PHASE_STRIP = NO;
				DEBUG_INFORMATION_FORMAT = dwarf;
				ENABLE_STRICT_OBJC_MSGSEND = YES;
				ENABLE_TESTABILITY = YES;
				GCC_C_LANGUAGE_STANDARD = gnu11;
				GCC_DYNAMIC_NO_PIC = NO;
				GCC_NO_COMMON_BLOCKS = YES;
				GCC_OPTIMIZATION_LEVEL = 0;
				GCC_PREPROCESSOR_DEFINITIONS = (
					"DEBUG=1",
					"$(inherited)",
				);
				GCC_WARN_64_TO_32_BIT_CONVERSION = YES;
				GCC_WARN_ABOUT_RETURN_TYPE = YES_ERROR;
				GCC_WARN_UNDECLARED_SELECTOR = YES;
				GCC_WARN_UNINITIALIZED_AUTOS = YES_AGGRESSIVE;
				GCC_WARN_UNUSED_FUNCTION = YES;
				GCC_WARN_UNUSED_VARIABLE = YES;
				MACOSX_DEPLOYMENT_TARGET = 12.0;
				MTL_ENABLE_DEBUG_INFO = INCLUDE_SOURCE;
				MTL_FAST_MATH = YES;
				ONLY_ACTIVE_ARCH = YES;
				SDKROOT = macosx;
				SWIFT_ACTIVE_COMPILATION_CONDITIONS = DEBUG;
				SWIFT_OPTIMIZATION_LEVEL = "-Onone";
			};
			name = Debug;
		};
		E7A0A5A82758E9F5007ECD19 /* Release */ = {
			isa = XCBuildConfiguration;
			buildSettings = {
				ALWAYS_SEARCH_USER_PATHS = NO;
				CLANG_ANALYZER_NONNULL = YES;
				CLANG_ANALYZER_NUMBER_OBJECT_CONVERSION = YES_AGGRESSIVE;
				CLANG_CXX_LANGUAGE_STANDARD = "gnu++17";
				CLANG_CXX_LIBRARY = "libc++";
				CLANG_ENABLE_MODULES = YES;
				CLANG_ENABLE_OBJC_ARC = YES;
				CLANG_ENABLE_OBJC_WEAK = YES;
				CLANG_WARN_BLOCK_CAPTURE_AUTORELEASING = YES;
				CLANG_WARN_BOOL_CONVERSION = YES;
				CLANG_WARN_COMMA = YES;
				CLANG_WARN_CONSTANT_CONVERSION = YES;
				CLANG_WARN_DEPRECATED_OBJC_IMPLEMENTATIONS = YES;
				CLANG_WARN_DIRECT_OBJC_ISA_USAGE = YES_ERROR;
				CLANG_WARN_DOCUMENTATION_COMMENTS = YES;
				CLANG_WARN_EMPTY_BODY = YES;
				CLANG_WARN_ENUM_CONVERSION = YES;
				CLANG_WARN_INFINITE_RECURSION = YES;
				CLANG_WARN_INT_CONVERSION = YES;
				CLANG_WARN_NON_LITERAL_NULL_CONVERSION = YES;
				CLANG_WARN_OBJC_IMPLICIT_RETAIN_SELF = YES;
				CLANG_WARN_OBJC_LITERAL_CONVERSION = YES;
				CLANG_WARN_OBJC_ROOT_CLASS = YES_ERROR;
				CLANG_WARN_QUOTED_INCLUDE_IN_FRAMEWORK_HEADER = YES;
				CLANG_WARN_RANGE_LOOP_ANALYSIS = YES;
				CLANG_WARN_STRICT_PROTOTYPES = YES;
				CLANG_WARN_SUSPICIOUS_MOVE = YES;
				CLANG_WARN_UNGUARDED_AVAILABILITY = YES_AGGRESSIVE;
				CLANG_WARN_UNREACHABLE_CODE = YES;
				CLANG_WARN__DUPLICATE_METHOD_MATCH = YES;
				COPY_PHASE_STRIP = NO;
				DEBUG_INFORMATION_FORMAT = "dwarf-with-dsym";
				ENABLE_NS_ASSERTIONS = NO;
				ENABLE_STRICT_OBJC_MSGSEND = YES;
				GCC_C_LANGUAGE_STANDARD = gnu11;
				GCC_NO_COMMON_BLOCKS = YES;
				GCC_WARN_64_TO_32_BIT_CONVERSION = YES;
				GCC_WARN_ABOUT_RETURN_TYPE = YES_ERROR;
				GCC_WARN_UNDECLARED_SELECTOR = YES;
				GCC_WARN_UNINITIALIZED_AUTOS = YES_AGGRESSIVE;
				GCC_WARN_UNUSED_FUNCTION = YES;
				GCC_WARN_UNUSED_VARIABLE = YES;
				MACOSX_DEPLOYMENT_TARGET = 12.0;
				MTL_ENABLE_DEBUG_INFO = NO;
				MTL_FAST_MATH = YES;
				SDKROOT = macosx;
				SWIFT_COMPILATION_MODE = wholemodule;
				SWIFT_OPTIMIZATION_LEVEL = "-O";
			};
			name = Release;
		};
		E7A0A5AA2758E9F5007ECD19 /* Debug */ = {
			isa = XCBuildConfiguration;
			buildSettings = {
				CODE_SIGN_STYLE = Automatic;
				MACOSX_DEPLOYMENT_TARGET = 12.0;
				PRODUCT_NAME = "$(TARGET_NAME)";
				SWIFT_VERSION = 5.0;
			};
			name = Debug;
		};
		E7A0A5AB2758E9F5007ECD19 /* Release */ = {
			isa = XCBuildConfiguration;
			buildSettings = {
				CODE_SIGN_STYLE = Automatic;
				MACOSX_DEPLOYMENT_TARGET = 12.0;
				PRODUCT_NAME = "$(TARGET_NAME)";
				SWIFT_VERSION = 5.0;
			};
			name = Release;
		};
		E7A0A60B275F477B007ECD19 /* Debug */ = {
			isa = XCBuildConfiguration;
			buildSettings = {
				ASSETCATALOG_COMPILER_APPICON_NAME = AppIcon;
				ASSETCATALOG_COMPILER_GLOBAL_ACCENT_COLOR_NAME = AccentColor;
				CODE_SIGN_ENTITLEMENTS = "advent-ui/advent_ui.entitlements";
				CODE_SIGN_STYLE = Automatic;
				COMBINE_HIDPI_IMAGES = YES;
				CURRENT_PROJECT_VERSION = 1;
				DEVELOPMENT_ASSET_PATHS = "\"advent-ui/Preview Content\"";
				ENABLE_PREVIEWS = YES;
				GENERATE_INFOPLIST_FILE = YES;
				INFOPLIST_KEY_NSHumanReadableCopyright = "";
				LD_RUNPATH_SEARCH_PATHS = (
					"$(inherited)",
					"@executable_path/../Frameworks",
				);
				MARKETING_VERSION = 1.0;
				PRODUCT_BUNDLE_IDENTIFIER = "com.vladimirprus.advent-ui";
				PRODUCT_NAME = "$(TARGET_NAME)";
				SWIFT_EMIT_LOC_STRINGS = YES;
				SWIFT_VERSION = 5.0;
			};
			name = Debug;
		};
		E7A0A60C275F477B007ECD19 /* Release */ = {
			isa = XCBuildConfiguration;
			buildSettings = {
				ASSETCATALOG_COMPILER_APPICON_NAME = AppIcon;
				ASSETCATALOG_COMPILER_GLOBAL_ACCENT_COLOR_NAME = AccentColor;
				CODE_SIGN_ENTITLEMENTS = "advent-ui/advent_ui.entitlements";
				CODE_SIGN_STYLE = Automatic;
				COMBINE_HIDPI_IMAGES = YES;
				CURRENT_PROJECT_VERSION = 1;
				DEVELOPMENT_ASSET_PATHS = "\"advent-ui/Preview Content\"";
				ENABLE_PREVIEWS = YES;
				GENERATE_INFOPLIST_FILE = YES;
				INFOPLIST_KEY_NSHumanReadableCopyright = "";
				LD_RUNPATH_SEARCH_PATHS = (
					"$(inherited)",
					"@executable_path/../Frameworks",
				);
				MARKETING_VERSION = 1.0;
				PRODUCT_BUNDLE_IDENTIFIER = "com.vladimirprus.advent-ui";
				PRODUCT_NAME = "$(TARGET_NAME)";
				SWIFT_EMIT_LOC_STRINGS = YES;
				SWIFT_VERSION = 5.0;
			};
			name = Release;
		};
		E7A0A60E275F477B007ECD19 /* Debug */ = {
			isa = XCBuildConfiguration;
			buildSettings = {
				ALWAYS_EMBED_SWIFT_STANDARD_LIBRARIES = YES;
				BUNDLE_LOADER = "$(TEST_HOST)";
				CODE_SIGN_STYLE = Automatic;
				COMBINE_HIDPI_IMAGES = YES;
				CURRENT_PROJECT_VERSION = 1;
				GENERATE_INFOPLIST_FILE = YES;
				LD_RUNPATH_SEARCH_PATHS = (
					"$(inherited)",
					"@executable_path/../Frameworks",
					"@loader_path/../Frameworks",
				);
				MACOSX_DEPLOYMENT_TARGET = 12.0;
				MARKETING_VERSION = 1.0;
				PRODUCT_BUNDLE_IDENTIFIER = "com.vladimirprus.advent-uiTests";
				PRODUCT_NAME = "$(TARGET_NAME)";
				SWIFT_EMIT_LOC_STRINGS = NO;
				SWIFT_VERSION = 5.0;
				TEST_HOST = "$(BUILT_PRODUCTS_DIR)/advent-ui.app/Contents/MacOS/advent-ui";
			};
			name = Debug;
		};
		E7A0A60F275F477B007ECD19 /* Release */ = {
			isa = XCBuildConfiguration;
			buildSettings = {
				ALWAYS_EMBED_SWIFT_STANDARD_LIBRARIES = YES;
				BUNDLE_LOADER = "$(TEST_HOST)";
				CODE_SIGN_STYLE = Automatic;
				COMBINE_HIDPI_IMAGES = YES;
				CURRENT_PROJECT_VERSION = 1;
				GENERATE_INFOPLIST_FILE = YES;
				LD_RUNPATH_SEARCH_PATHS = (
					"$(inherited)",
					"@executable_path/../Frameworks",
					"@loader_path/../Frameworks",
				);
				MACOSX_DEPLOYMENT_TARGET = 12.0;
				MARKETING_VERSION = 1.0;
				PRODUCT_BUNDLE_IDENTIFIER = "com.vladimirprus.advent-uiTests";
				PRODUCT_NAME = "$(TARGET_NAME)";
				SWIFT_EMIT_LOC_STRINGS = NO;
				SWIFT_VERSION = 5.0;
				TEST_HOST = "$(BUILT_PRODUCTS_DIR)/advent-ui.app/Contents/MacOS/advent-ui";
			};
			name = Release;
		};
		E7A0A611275F477B007ECD19 /* Debug */ = {
			isa = XCBuildConfiguration;
			buildSettings = {
				ALWAYS_EMBED_SWIFT_STANDARD_LIBRARIES = YES;
				CODE_SIGN_STYLE = Automatic;
				COMBINE_HIDPI_IMAGES = YES;
				CURRENT_PROJECT_VERSION = 1;
				GENERATE_INFOPLIST_FILE = YES;
				LD_RUNPATH_SEARCH_PATHS = (
					"$(inherited)",
					"@executable_path/../Frameworks",
					"@loader_path/../Frameworks",
				);
				MARKETING_VERSION = 1.0;
				PRODUCT_BUNDLE_IDENTIFIER = "com.vladimirprus.advent-uiUITests";
				PRODUCT_NAME = "$(TARGET_NAME)";
				SWIFT_EMIT_LOC_STRINGS = NO;
				SWIFT_VERSION = 5.0;
				TEST_TARGET_NAME = "advent-ui";
			};
			name = Debug;
		};
		E7A0A612275F477B007ECD19 /* Release */ = {
			isa = XCBuildConfiguration;
			buildSettings = {
				ALWAYS_EMBED_SWIFT_STANDARD_LIBRARIES = YES;
				CODE_SIGN_STYLE = Automatic;
				COMBINE_HIDPI_IMAGES = YES;
				CURRENT_PROJECT_VERSION = 1;
				GENERATE_INFOPLIST_FILE = YES;
				LD_RUNPATH_SEARCH_PATHS = (
					"$(inherited)",
					"@executable_path/../Frameworks",
					"@loader_path/../Frameworks",
				);
				MARKETING_VERSION = 1.0;
				PRODUCT_BUNDLE_IDENTIFIER = "com.vladimirprus.advent-uiUITests";
				PRODUCT_NAME = "$(TARGET_NAME)";
				SWIFT_EMIT_LOC_STRINGS = NO;
				SWIFT_VERSION = 5.0;
				TEST_TARGET_NAME = "advent-ui";
			};
			name = Release;
		};
		E7A0A64E2764B6AC007ECD19 /* Debug */ = {
			isa = XCBuildConfiguration;
			buildSettings = {
				ASSETCATALOG_COMPILER_APPICON_NAME = AppIcon;
				ASSETCATALOG_COMPILER_GLOBAL_ACCENT_COLOR_NAME = AccentColor;
				CODE_SIGN_STYLE = Automatic;
				CURRENT_PROJECT_VERSION = 1;
				DEVELOPMENT_ASSET_PATHS = "\"advent-ui-ios/Preview Content\"";
				DEVELOPMENT_TEAM = 66Q43Z3KN7;
				ENABLE_PREVIEWS = YES;
				GENERATE_INFOPLIST_FILE = YES;
				INFOPLIST_KEY_UIApplicationSceneManifest_Generation = YES;
				INFOPLIST_KEY_UIApplicationSupportsIndirectInputEvents = YES;
				INFOPLIST_KEY_UILaunchScreen_Generation = YES;
				INFOPLIST_KEY_UISupportedInterfaceOrientations_iPad = "UIInterfaceOrientationPortrait UIInterfaceOrientationPortraitUpsideDown UIInterfaceOrientationLandscapeLeft UIInterfaceOrientationLandscapeRight";
				INFOPLIST_KEY_UISupportedInterfaceOrientations_iPhone = "UIInterfaceOrientationPortrait UIInterfaceOrientationLandscapeLeft UIInterfaceOrientationLandscapeRight";
				IPHONEOS_DEPLOYMENT_TARGET = 15.0;
				LD_RUNPATH_SEARCH_PATHS = (
					"$(inherited)",
					"@executable_path/Frameworks",
				);
				MARKETING_VERSION = 1.0;
				PRODUCT_BUNDLE_IDENTIFIER = "com.vladimirprus.advent-ui-ios";
				PRODUCT_NAME = "$(TARGET_NAME)";
				SDKROOT = iphoneos;
				SWIFT_EMIT_LOC_STRINGS = YES;
				SWIFT_VERSION = 5.0;
				TARGETED_DEVICE_FAMILY = "1,2";
			};
			name = Debug;
		};
		E7A0A64F2764B6AC007ECD19 /* Release */ = {
			isa = XCBuildConfiguration;
			buildSettings = {
				ASSETCATALOG_COMPILER_APPICON_NAME = AppIcon;
				ASSETCATALOG_COMPILER_GLOBAL_ACCENT_COLOR_NAME = AccentColor;
				CODE_SIGN_STYLE = Automatic;
				CURRENT_PROJECT_VERSION = 1;
				DEVELOPMENT_ASSET_PATHS = "\"advent-ui-ios/Preview Content\"";
				DEVELOPMENT_TEAM = 66Q43Z3KN7;
				ENABLE_PREVIEWS = YES;
				GENERATE_INFOPLIST_FILE = YES;
				INFOPLIST_KEY_UIApplicationSceneManifest_Generation = YES;
				INFOPLIST_KEY_UIApplicationSupportsIndirectInputEvents = YES;
				INFOPLIST_KEY_UILaunchScreen_Generation = YES;
				INFOPLIST_KEY_UISupportedInterfaceOrientations_iPad = "UIInterfaceOrientationPortrait UIInterfaceOrientationPortraitUpsideDown UIInterfaceOrientationLandscapeLeft UIInterfaceOrientationLandscapeRight";
				INFOPLIST_KEY_UISupportedInterfaceOrientations_iPhone = "UIInterfaceOrientationPortrait UIInterfaceOrientationLandscapeLeft UIInterfaceOrientationLandscapeRight";
				IPHONEOS_DEPLOYMENT_TARGET = 15.0;
				LD_RUNPATH_SEARCH_PATHS = (
					"$(inherited)",
					"@executable_path/Frameworks",
				);
				MARKETING_VERSION = 1.0;
				PRODUCT_BUNDLE_IDENTIFIER = "com.vladimirprus.advent-ui-ios";
				PRODUCT_NAME = "$(TARGET_NAME)";
				SDKROOT = iphoneos;
				SWIFT_EMIT_LOC_STRINGS = YES;
				SWIFT_VERSION = 5.0;
				TARGETED_DEVICE_FAMILY = "1,2";
				VALIDATE_PRODUCT = YES;
			};
			name = Release;
		};
		E7A0A6512764B6AC007ECD19 /* Debug */ = {
			isa = XCBuildConfiguration;
			buildSettings = {
				ALWAYS_EMBED_SWIFT_STANDARD_LIBRARIES = YES;
				BUNDLE_LOADER = "$(TEST_HOST)";
				CODE_SIGN_STYLE = Automatic;
				CURRENT_PROJECT_VERSION = 1;
				GENERATE_INFOPLIST_FILE = YES;
				IPHONEOS_DEPLOYMENT_TARGET = 15.0;
				LD_RUNPATH_SEARCH_PATHS = (
					"$(inherited)",
					"@executable_path/Frameworks",
					"@loader_path/Frameworks",
				);
				MARKETING_VERSION = 1.0;
				PRODUCT_BUNDLE_IDENTIFIER = "com.vladimirprus.advent-ui-iosTests";
				PRODUCT_NAME = "$(TARGET_NAME)";
				SDKROOT = iphoneos;
				SWIFT_EMIT_LOC_STRINGS = NO;
				SWIFT_VERSION = 5.0;
				TARGETED_DEVICE_FAMILY = "1,2";
				TEST_HOST = "$(BUILT_PRODUCTS_DIR)/advent-ui-ios.app/advent-ui-ios";
			};
			name = Debug;
		};
		E7A0A6522764B6AC007ECD19 /* Release */ = {
			isa = XCBuildConfiguration;
			buildSettings = {
				ALWAYS_EMBED_SWIFT_STANDARD_LIBRARIES = YES;
				BUNDLE_LOADER = "$(TEST_HOST)";
				CODE_SIGN_STYLE = Automatic;
				CURRENT_PROJECT_VERSION = 1;
				GENERATE_INFOPLIST_FILE = YES;
				IPHONEOS_DEPLOYMENT_TARGET = 15.0;
				LD_RUNPATH_SEARCH_PATHS = (
					"$(inherited)",
					"@executable_path/Frameworks",
					"@loader_path/Frameworks",
				);
				MARKETING_VERSION = 1.0;
				PRODUCT_BUNDLE_IDENTIFIER = "com.vladimirprus.advent-ui-iosTests";
				PRODUCT_NAME = "$(TARGET_NAME)";
				SDKROOT = iphoneos;
				SWIFT_EMIT_LOC_STRINGS = NO;
				SWIFT_VERSION = 5.0;
				TARGETED_DEVICE_FAMILY = "1,2";
				TEST_HOST = "$(BUILT_PRODUCTS_DIR)/advent-ui-ios.app/advent-ui-ios";
				VALIDATE_PRODUCT = YES;
			};
			name = Release;
		};
		E7A0A6542764B6AC007ECD19 /* Debug */ = {
			isa = XCBuildConfiguration;
			buildSettings = {
				ALWAYS_EMBED_SWIFT_STANDARD_LIBRARIES = YES;
				CODE_SIGN_STYLE = Automatic;
				CURRENT_PROJECT_VERSION = 1;
				GENERATE_INFOPLIST_FILE = YES;
				IPHONEOS_DEPLOYMENT_TARGET = 15.0;
				LD_RUNPATH_SEARCH_PATHS = (
					"$(inherited)",
					"@executable_path/Frameworks",
					"@loader_path/Frameworks",
				);
				MARKETING_VERSION = 1.0;
				PRODUCT_BUNDLE_IDENTIFIER = "com.vladimirprus.advent-ui-iosUITests";
				PRODUCT_NAME = "$(TARGET_NAME)";
				SDKROOT = iphoneos;
				SWIFT_EMIT_LOC_STRINGS = NO;
				SWIFT_VERSION = 5.0;
				TARGETED_DEVICE_FAMILY = "1,2";
				TEST_TARGET_NAME = "advent-ui-ios";
			};
			name = Debug;
		};
		E7A0A6552764B6AC007ECD19 /* Release */ = {
			isa = XCBuildConfiguration;
			buildSettings = {
				ALWAYS_EMBED_SWIFT_STANDARD_LIBRARIES = YES;
				CODE_SIGN_STYLE = Automatic;
				CURRENT_PROJECT_VERSION = 1;
				GENERATE_INFOPLIST_FILE = YES;
				IPHONEOS_DEPLOYMENT_TARGET = 15.0;
				LD_RUNPATH_SEARCH_PATHS = (
					"$(inherited)",
					"@executable_path/Frameworks",
					"@loader_path/Frameworks",
				);
				MARKETING_VERSION = 1.0;
				PRODUCT_BUNDLE_IDENTIFIER = "com.vladimirprus.advent-ui-iosUITests";
				PRODUCT_NAME = "$(TARGET_NAME)";
				SDKROOT = iphoneos;
				SWIFT_EMIT_LOC_STRINGS = NO;
				SWIFT_VERSION = 5.0;
				TARGETED_DEVICE_FAMILY = "1,2";
				TEST_TARGET_NAME = "advent-ui-ios";
				VALIDATE_PRODUCT = YES;
			};
			name = Release;
		};
/* End XCBuildConfiguration section */

/* Begin XCConfigurationList section */
		E7A0A59D2758E9F5007ECD19 /* Build configuration list for PBXProject "advent" */ = {
			isa = XCConfigurationList;
			buildConfigurations = (
				E7A0A5A72758E9F5007ECD19 /* Debug */,
				E7A0A5A82758E9F5007ECD19 /* Release */,
			);
			defaultConfigurationIsVisible = 0;
			defaultConfigurationName = Release;
		};
		E7A0A5A92758E9F5007ECD19 /* Build configuration list for PBXNativeTarget "advent" */ = {
			isa = XCConfigurationList;
			buildConfigurations = (
				E7A0A5AA2758E9F5007ECD19 /* Debug */,
				E7A0A5AB2758E9F5007ECD19 /* Release */,
			);
			defaultConfigurationIsVisible = 0;
			defaultConfigurationName = Release;
		};
		E7A0A60A275F477B007ECD19 /* Build configuration list for PBXNativeTarget "advent-ui" */ = {
			isa = XCConfigurationList;
			buildConfigurations = (
				E7A0A60B275F477B007ECD19 /* Debug */,
				E7A0A60C275F477B007ECD19 /* Release */,
			);
			defaultConfigurationIsVisible = 0;
			defaultConfigurationName = Release;
		};
		E7A0A60D275F477B007ECD19 /* Build configuration list for PBXNativeTarget "advent-uiTests" */ = {
			isa = XCConfigurationList;
			buildConfigurations = (
				E7A0A60E275F477B007ECD19 /* Debug */,
				E7A0A60F275F477B007ECD19 /* Release */,
			);
			defaultConfigurationIsVisible = 0;
			defaultConfigurationName = Release;
		};
		E7A0A610275F477B007ECD19 /* Build configuration list for PBXNativeTarget "advent-uiUITests" */ = {
			isa = XCConfigurationList;
			buildConfigurations = (
				E7A0A611275F477B007ECD19 /* Debug */,
				E7A0A612275F477B007ECD19 /* Release */,
			);
			defaultConfigurationIsVisible = 0;
			defaultConfigurationName = Release;
		};
		E7A0A64D2764B6AC007ECD19 /* Build configuration list for PBXNativeTarget "advent-ui-ios" */ = {
			isa = XCConfigurationList;
			buildConfigurations = (
				E7A0A64E2764B6AC007ECD19 /* Debug */,
				E7A0A64F2764B6AC007ECD19 /* Release */,
			);
			defaultConfigurationIsVisible = 0;
			defaultConfigurationName = Release;
		};
		E7A0A6502764B6AC007ECD19 /* Build configuration list for PBXNativeTarget "advent-ui-iosTests" */ = {
			isa = XCConfigurationList;
			buildConfigurations = (
				E7A0A6512764B6AC007ECD19 /* Debug */,
				E7A0A6522764B6AC007ECD19 /* Release */,
			);
			defaultConfigurationIsVisible = 0;
			defaultConfigurationName = Release;
		};
		E7A0A6532764B6AC007ECD19 /* Build configuration list for PBXNativeTarget "advent-ui-iosUITests" */ = {
			isa = XCConfigurationList;
			buildConfigurations = (
				E7A0A6542764B6AC007ECD19 /* Debug */,
				E7A0A6552764B6AC007ECD19 /* Release */,
			);
			defaultConfigurationIsVisible = 0;
			defaultConfigurationName = Release;
		};
/* End XCConfigurationList section */

/* Begin XCRemoteSwiftPackageReference section */
		E76214BD2769E100006855BD /* XCRemoteSwiftPackageReference "swift-collections" */ = {
			isa = XCRemoteSwiftPackageReference;
			repositoryURL = "https://github.com/apple/swift-collections.git";
			requirement = {
				kind = upToNextMajorVersion;
				minimumVersion = 1.0.0;
			};
		};
		E76214C42769F7A9006855BD /* XCRemoteSwiftPackageReference "SwiftPriorityQueue" */ = {
			isa = XCRemoteSwiftPackageReference;
			repositoryURL = "https://github.com/davecom/SwiftPriorityQueue";
			requirement = {
				kind = upToNextMajorVersion;
				minimumVersion = 1.0.0;
			};
		};
		E7A0A5E1275F3FE7007ECD19 /* XCRemoteSwiftPackageReference "swift-algorithms" */ = {
			isa = XCRemoteSwiftPackageReference;
			repositoryURL = "https://github.com/apple/swift-algorithms.git";
			requirement = {
				kind = upToNextMajorVersion;
				minimumVersion = 1.0.0;
			};
		};
/* End XCRemoteSwiftPackageReference section */

/* Begin XCSwiftPackageProductDependency section */
		E76214BE2769E100006855BD /* Collections */ = {
			isa = XCSwiftPackageProductDependency;
			package = E76214BD2769E100006855BD /* XCRemoteSwiftPackageReference "swift-collections" */;
			productName = Collections;
		};
		E76214C02769E100006855BD /* DequeModule */ = {
			isa = XCSwiftPackageProductDependency;
			package = E76214BD2769E100006855BD /* XCRemoteSwiftPackageReference "swift-collections" */;
			productName = DequeModule;
		};
		E76214C22769E100006855BD /* OrderedCollections */ = {
			isa = XCSwiftPackageProductDependency;
			package = E76214BD2769E100006855BD /* XCRemoteSwiftPackageReference "swift-collections" */;
			productName = OrderedCollections;
		};
		E76214C52769F7A9006855BD /* SwiftPriorityQueue */ = {
			isa = XCSwiftPackageProductDependency;
			package = E76214C42769F7A9006855BD /* XCRemoteSwiftPackageReference "SwiftPriorityQueue" */;
			productName = SwiftPriorityQueue;
		};
		E7A0A5E2275F3FE7007ECD19 /* Algorithms */ = {
			isa = XCSwiftPackageProductDependency;
			package = E7A0A5E1275F3FE7007ECD19 /* XCRemoteSwiftPackageReference "swift-algorithms" */;
			productName = Algorithms;
		};
		E7A0A613275F4B0A007ECD19 /* Algorithms */ = {
			isa = XCSwiftPackageProductDependency;
			package = E7A0A5E1275F3FE7007ECD19 /* XCRemoteSwiftPackageReference "swift-algorithms" */;
			productName = Algorithms;
		};
		E7A0A65A2764B750007ECD19 /* Algorithms */ = {
			isa = XCSwiftPackageProductDependency;
			package = E7A0A5E1275F3FE7007ECD19 /* XCRemoteSwiftPackageReference "swift-algorithms" */;
			productName = Algorithms;
		};
/* End XCSwiftPackageProductDependency section */
	};
	rootObject = E7A0A59A2758E9F5007ECD19 /* Project object */;
}
